
Microsoft Visual Studio Solution File, Format Version 12.00
# Visual Studio Version 17
VisualStudioVersion = 17.5.33516.290
MinimumVisualStudioVersion = 10.0.40219.1
Project("{FAE04EC0-301F-11D3-BF4B-00C04F79EFBC}") = "SimpleStack", "SimpleStack.csproj", "{71160673-FC92-4A5B-B84D-A8073322F271}"
EndProject
Global
	GlobalSection(SolutionConfigurationPlatforms) = preSolution
		Debug|Any CPU = Debug|Any CPU
		Release|Any CPU = Release|Any CPU
	EndGlobalSection
	GlobalSection(ProjectConfigurationPlatforms) = postSolution
		{71160673-FC92-4A5B-B84D-A8073322F271}.Debug|Any CPU.ActiveCfg = Debug|Any CPU
		{71160673-FC92-4A5B-B84D-A8073322F271}.Debug|Any CPU.Build.0 = Debug|Any CPU
		{71160673-FC92-4A5B-B84D-A8073322F271}.Release|Any CPU.ActiveCfg = Release|Any CPU
		{71160673-FC92-4A5B-B84D-A8073322F271}.Release|Any CPU.Build.0 = Release|Any CPU
	EndGlobalSection
	GlobalSection(SolutionProperties) = preSolution
		HideSolutionNode = FALSE
	EndGlobalSection
	GlobalSection(ExtensibilityGlobals) = postSolution
		SolutionGuid = {4E145DDA-1168-4177-B053-7BB2F71B89E8}
	EndGlobalSection
EndGlobal
